
Microsoft Visual Studio Solution File, Format Version 12.00
# Visual Studio 2012
Project("{FAE04EC0-301F-11D3-BF4B-00C04F79EFBC}") = "Testt01", "Testt01\Testt01.csproj", "{C06008C4-E5D3-430D-99E9-C0F42B4BB0E8}"
EndProject
Global
	GlobalSection(SolutionConfigurationPlatforms) = preSolution
		Debug|Any CPU = Debug|Any CPU
		Release|Any CPU = Release|Any CPU
	EndGlobalSection
	GlobalSection(ProjectConfigurationPlatforms) = postSolution
		{C06008C4-E5D3-430D-99E9-C0F42B4BB0E8}.Debug|Any CPU.ActiveCfg = Debug|Any CPU
		{C06008C4-E5D3-430D-99E9-C0F42B4BB0E8}.Debug|Any CPU.Build.0 = Debug|Any CPU
		{C06008C4-E5D3-430D-99E9-C0F42B4BB0E8}.Release|Any CPU.ActiveCfg = Release|Any CPU
		{C06008C4-E5D3-430D-99E9-C0F42B4BB0E8}.Release|Any CPU.Build.0 = Release|Any CPU
	EndGlobalSection
	GlobalSection(SolutionProperties) = preSolution
		HideSolutionNode = FALSE
	EndGlobalSection
EndGlobal
