
Microsoft Visual Studio Solution File, Format Version 12.00
# Visual Studio 2012
Project("{FAE04EC0-301F-11D3-BF4B-00C04F79EFBC}") = "orcl_in", "orcl_in\orcl_in.csproj", "{FBBA3041-4767-4DA7-810F-C084EECF53D6}"
EndProject
Global
	GlobalSection(SolutionConfigurationPlatforms) = preSolution
		Debug|Any CPU = Debug|Any CPU
		Release|Any CPU = Release|Any CPU
	EndGlobalSection
	GlobalSection(ProjectConfigurationPlatforms) = postSolution
		{FBBA3041-4767-4DA7-810F-C084EECF53D6}.Debug|Any CPU.ActiveCfg = Debug|Any CPU
		{FBBA3041-4767-4DA7-810F-C084EECF53D6}.Debug|Any CPU.Build.0 = Debug|Any CPU
		{FBBA3041-4767-4DA7-810F-C084EECF53D6}.Release|Any CPU.ActiveCfg = Release|Any CPU
		{FBBA3041-4767-4DA7-810F-C084EECF53D6}.Release|Any CPU.Build.0 = Release|Any CPU
	EndGlobalSection
	GlobalSection(SolutionProperties) = preSolution
		HideSolutionNode = FALSE
	EndGlobalSection
EndGlobal
